PODS:
  - OpenSSL-Apple (1.1.1g.6)
  - SwiftyBeaver (1.9.3)
  - TunnelKit (2.3.0):
    - TunnelKit/Protocols/OpenVPN (= 2.3.0)
  - TunnelKit/AppExtension (2.3.0):
    - SwiftyBeaver
    - TunnelKit/Core
  - TunnelKit/Core (2.3.0):
    - SwiftyBeaver
  - TunnelKit/Protocols/OpenVPN (2.3.0):
    - OpenSSL-Apple (~> 1.1.1g.6)
    - TunnelKit/AppExtension
    - TunnelKit/Core

DEPENDENCIES:
  - TunnelKit (from `..`)

SPEC REPOS:
  https://github.com/CocoaPods/Specs.git:
    - OpenSSL-Apple
    - SwiftyBeaver

EXTERNAL SOURCES:
  TunnelKit:
    :path: ".."

SPEC CHECKSUMS:
  OpenSSL-Apple: c9c1b9c5b2b1fc4e1758fc5f0836b58ae7fd8183
  SwiftyBeaver: 2e8acd6fc90c6d0a27055867a290794926d57c02
  TunnelKit: 2b487e32453322054fa043b68976543a1da38a96

PODFILE CHECKSUM: f66dfaaa92a8d04ab2743f3caeab0ac9f9f25859

COCOAPODS: 1.9.3
